// !$*UTF8*$!
{
	archiveVersion = 1;
	classes = {
	};
	objectVersion = 46;
	objects = {

/* Begin PBXBuildFile section */
		154389B219B2383000C85148 /* menuItems.plist in Resources */ = {isa = PBXBuildFile; fileRef = 154389B119B2383000C85148 /* menuItems.plist */; };
		154389B319B2391000C85148 /* menuItems.plist in Resources */ = {isa = PBXBuildFile; fileRef = 154389B119B2383000C85148 /* menuItems.plist */; };
		154389B719B247AF00C85148 /* ContributionsViewController.swift in Sources */ = {isa = PBXBuildFile; fileRef = 154389B519B247AF00C85148 /* ContributionsViewController.swift */; };
		154389B819B247AF00C85148 /* ContributionsViewController.xib in Resources */ = {isa = PBXBuildFile; fileRef = 154389B619B247AF00C85148 /* ContributionsViewController.xib */; };
		154389B919B298F900C85148 /* ContributionsViewController.swift in Sources */ = {isa = PBXBuildFile; fileRef = 154389B519B247AF00C85148 /* ContributionsViewController.swift */; };
		154389BC19B299B200C85148 /* RepositoriesViewController.swift in Sources */ = {isa = PBXBuildFile; fileRef = 154389BA19B299B200C85148 /* RepositoriesViewController.swift */; };
		154389BD19B299B200C85148 /* RepositoriesViewController.swift in Sources */ = {isa = PBXBuildFile; fileRef = 154389BA19B299B200C85148 /* RepositoriesViewController.swift */; };
		154389BE19B299B200C85148 /* RepositoriesViewController.xib in Resources */ = {isa = PBXBuildFile; fileRef = 154389BB19B299B200C85148 /* RepositoriesViewController.xib */; };
		154389BF19B299B200C85148 /* RepositoriesViewController.xib in Resources */ = {isa = PBXBuildFile; fileRef = 154389BB19B299B200C85148 /* RepositoriesViewController.xib */; };
		154389C219B29A4500C85148 /* PublicActivityViewController.swift in Sources */ = {isa = PBXBuildFile; fileRef = 154389C019B29A4500C85148 /* PublicActivityViewController.swift */; };
		154389C319B29A4500C85148 /* PublicActivityViewController.swift in Sources */ = {isa = PBXBuildFile; fileRef = 154389C019B29A4500C85148 /* PublicActivityViewController.swift */; };
		154389C419B29A4500C85148 /* PublicActivityViewController.xib in Resources */ = {isa = PBXBuildFile; fileRef = 154389C119B29A4500C85148 /* PublicActivityViewController.xib */; };
		154389C519B29A4500C85148 /* PublicActivityViewController.xib in Resources */ = {isa = PBXBuildFile; fileRef = 154389C119B29A4500C85148 /* PublicActivityViewController.xib */; };
		154389C719B2A73800C85148 /* AppMenuManagerTests.swift in Sources */ = {isa = PBXBuildFile; fileRef = 154389C619B2A73800C85148 /* AppMenuManagerTests.swift */; };
		154389C919B2A75E00C85148 /* AppMenuManager.swift in Sources */ = {isa = PBXBuildFile; fileRef = 154389C819B2A75E00C85148 /* AppMenuManager.swift */; };
		154389CA19B2A75E00C85148 /* AppMenuManager.swift in Sources */ = {isa = PBXBuildFile; fileRef = 154389C819B2A75E00C85148 /* AppMenuManager.swift */; };
		154389CC19B2B55E00C85148 /* FakeMenuItemBuilder.swift in Sources */ = {isa = PBXBuildFile; fileRef = 154389CB19B2B55E00C85148 /* FakeMenuItemBuilder.swift */; };
		154389CD19B2B55E00C85148 /* FakeMenuItemBuilder.swift in Sources */ = {isa = PBXBuildFile; fileRef = 154389CB19B2B55E00C85148 /* FakeMenuItemBuilder.swift */; };
		154389CF19B2B63700C85148 /* MenuItemDefaultBuilder.swift in Sources */ = {isa = PBXBuildFile; fileRef = 154389CE19B2B63700C85148 /* MenuItemDefaultBuilder.swift */; };
		154389D019B2B63700C85148 /* MenuItemDefaultBuilder.swift in Sources */ = {isa = PBXBuildFile; fileRef = 154389CE19B2B63700C85148 /* MenuItemDefaultBuilder.swift */; };
		1562FF9619A1104D00CA6FBE /* MenuItemsPlistReaderTests.swift in Sources */ = {isa = PBXBuildFile; fileRef = 1562FF9519A1104D00CA6FBE /* MenuItemsPlistReaderTests.swift */; };
		1562FF9A19A126CE00CA6FBE /* MenuItemsPlistReader.swift in Sources */ = {isa = PBXBuildFile; fileRef = 1562FF9919A126CE00CA6FBE /* MenuItemsPlistReader.swift */; };
		1562FF9D19A127CF00CA6FBE /* MenuItemsReader.swift in Sources */ = {isa = PBXBuildFile; fileRef = 1562FF9C19A127CF00CA6FBE /* MenuItemsReader.swift */; };
		157E24B319B53DED00DEBE7A /* AppDelegate.swift in Sources */ = {isa = PBXBuildFile; fileRef = 15A98AF219A03986007FB1EA /* AppDelegate.swift */; };
		158713A619A244A900379918 /* MenuItemsReader.swift in Sources */ = {isa = PBXBuildFile; fileRef = 1562FF9C19A127CF00CA6FBE /* MenuItemsReader.swift */; };
		158713A719A244A900379918 /* MenuItemsPlistReader.swift in Sources */ = {isa = PBXBuildFile; fileRef = 1562FF9919A126CE00CA6FBE /* MenuItemsPlistReader.swift */; };
		1594C5C019AC267A005EB820 /* MenuViewControllerTests.swift in Sources */ = {isa = PBXBuildFile; fileRef = 1594C5BF19AC267A005EB820 /* MenuViewControllerTests.swift */; };
		1594C5C319AC28EB005EB820 /* MenuViewController.swift in Sources */ = {isa = PBXBuildFile; fileRef = 1594C5C119AC28EB005EB820 /* MenuViewController.swift */; };
		1594C5C419AC28EB005EB820 /* MenuViewController.swift in Sources */ = {isa = PBXBuildFile; fileRef = 1594C5C119AC28EB005EB820 /* MenuViewController.swift */; };
		1594C5C519AC28EB005EB820 /* MenuViewController.xib in Resources */ = {isa = PBXBuildFile; fileRef = 1594C5C219AC28EB005EB820 /* MenuViewController.xib */; };
		1594C5C619AC28EB005EB820 /* MenuViewController.xib in Resources */ = {isa = PBXBuildFile; fileRef = 1594C5C219AC28EB005EB820 /* MenuViewController.xib */; };
		1594C5C819AC2C6F005EB820 /* MenuTableFakeDataSource.swift in Sources */ = {isa = PBXBuildFile; fileRef = 1594C5C719AC2C6F005EB820 /* MenuTableFakeDataSource.swift */; };
		15A98AF519A03986007FB1EA /* AppDelegate.swift in Sources */ = {isa = PBXBuildFile; fileRef = 15A98AF219A03986007FB1EA /* AppDelegate.swift */; };
		15A98AF619A03986007FB1EA /* Images.xcassets in Resources */ = {isa = PBXBuildFile; fileRef = 15A98AF319A03986007FB1EA /* Images.xcassets */; };
		15C1ABC119B54E0F00DE4F9F /* AppDelegateTests.swift in Sources */ = {isa = PBXBuildFile; fileRef = 15C1ABC019B54E0F00DE4F9F /* AppDelegateTests.swift */; };
		15C1ABC319B54E2200DE4F9F /* ObjectConfiguratorTests.swift in Sources */ = {isa = PBXBuildFile; fileRef = 15C1ABC219B54E2200DE4F9F /* ObjectConfiguratorTests.swift */; };
		15C1ABC519B54EBD00DE4F9F /* ObjectConfigurator.swift in Sources */ = {isa = PBXBuildFile; fileRef = 15C1ABC419B54EBD00DE4F9F /* ObjectConfigurator.swift */; };
		15C1ABC619B54EBD00DE4F9F /* ObjectConfigurator.swift in Sources */ = {isa = PBXBuildFile; fileRef = 15C1ABC419B54EBD00DE4F9F /* ObjectConfigurator.swift */; };
		15C1ABC819B5766B00DE4F9F /* MenuItemTapHandlerBuilder.swift in Sources */ = {isa = PBXBuildFile; fileRef = 15C1ABC719B5766B00DE4F9F /* MenuItemTapHandlerBuilder.swift */; };
		15C1ABC919B5766B00DE4F9F /* MenuItemTapHandlerBuilder.swift in Sources */ = {isa = PBXBuildFile; fileRef = 15C1ABC719B5766B00DE4F9F /* MenuItemTapHandlerBuilder.swift */; };
		15C1ABCD19B57AF500DE4F9F /* MenuItemTapHandlerBuilderTests.swift in Sources */ = {isa = PBXBuildFile; fileRef = 15C1ABCC19B57AF500DE4F9F /* MenuItemTapHandlerBuilderTests.swift */; };
		15C20E6919B66BC500C491D2 /* invalidMenuItems.plist in Resources */ = {isa = PBXBuildFile; fileRef = 15C20E6819B66BC500C491D2 /* invalidMenuItems.plist */; };
		15E736F919A97948005AFD72 /* MenuItemTests.swift in Sources */ = {isa = PBXBuildFile; fileRef = 15E736F819A97948005AFD72 /* MenuItemTests.swift */; };
		15E736FB19A98B29005AFD72 /* MenuItem.swift in Sources */ = {isa = PBXBuildFile; fileRef = 15E736FA19A98B29005AFD72 /* MenuItem.swift */; };
		15E736FC19A98DF2005AFD72 /* MenuItem.swift in Sources */ = {isa = PBXBuildFile; fileRef = 15E736FA19A98B29005AFD72 /* MenuItem.swift */; };
		15E7370019AA3CB0005AFD72 /* MenuItemDefaultBuilderTests.swift in Sources */ = {isa = PBXBuildFile; fileRef = 15E736FF19AA3CB0005AFD72 /* MenuItemDefaultBuilderTests.swift */; };
		15E7370219AA46AF005AFD72 /* FakeMenuItemsReader.swift in Sources */ = {isa = PBXBuildFile; fileRef = 15E7370119AA46AF005AFD72 /* FakeMenuItemsReader.swift */; };
		15E7370419AA4E90005AFD72 /* MenuItemBuilder.swift in Sources */ = {isa = PBXBuildFile; fileRef = 15E7370319AA4E90005AFD72 /* MenuItemBuilder.swift */; };
		15E7370519AA5214005AFD72 /* MenuItemBuilder.swift in Sources */ = {isa = PBXBuildFile; fileRef = 15E7370319AA4E90005AFD72 /* MenuItemBuilder.swift */; };
		15E7370719AA8A73005AFD72 /* MenuTableDataSource.swift in Sources */ = {isa = PBXBuildFile; fileRef = 15E7370619AA8A73005AFD72 /* MenuTableDataSource.swift */; };
		15E7370819AA8A73005AFD72 /* MenuTableDataSource.swift in Sources */ = {isa = PBXBuildFile; fileRef = 15E7370619AA8A73005AFD72 /* MenuTableDataSource.swift */; };
		15E7370A19AA8BB6005AFD72 /* MenuTableDefaultDataSourceTests.swift in Sources */ = {isa = PBXBuildFile; fileRef = 15E7370919AA8BB6005AFD72 /* MenuTableDefaultDataSourceTests.swift */; };
		15E7370C19AA8DE5005AFD72 /* MenuTableDefaultDataSource.swift in Sources */ = {isa = PBXBuildFile; fileRef = 15E7370B19AA8DE5005AFD72 /* MenuTableDefaultDataSource.swift */; };
		15E7370D19AA8DE5005AFD72 /* MenuTableDefaultDataSource.swift in Sources */ = {isa = PBXBuildFile; fileRef = 15E7370B19AA8DE5005AFD72 /* MenuTableDefaultDataSource.swift */; };
/* End PBXBuildFile section */

/* Begin PBXContainerItemProxy section */
		15A98AE119A0315D007FB1EA /* PBXContainerItemProxy */ = {
			isa = PBXContainerItemProxy;
			containerPortal = 15A98AC619A0315D007FB1EA /* Project object */;
			proxyType = 1;
			remoteGlobalIDString = 15A98ACD19A0315D007FB1EA;
			remoteInfo = AppMenu;
		};
/* End PBXContainerItemProxy section */

/* Begin PBXFileReference section */
		154389B119B2383000C85148 /* menuItems.plist */ = {isa = PBXFileReference; fileEncoding = 4; lastKnownFileType = text.plist.xml; path = menuItems.plist; sourceTree = "<group>"; };
		154389B519B247AF00C85148 /* ContributionsViewController.swift */ = {isa = PBXFileReference; fileEncoding = 4; lastKnownFileType = sourcecode.swift; path = ContributionsViewController.swift; sourceTree = "<group>"; };
		154389B619B247AF00C85148 /* ContributionsViewController.xib */ = {isa = PBXFileReference; fileEncoding = 4; lastKnownFileType = file.xib; path = ContributionsViewController.xib; sourceTree = "<group>"; };
		154389BA19B299B200C85148 /* RepositoriesViewController.swift */ = {isa = PBXFileReference; fileEncoding = 4; lastKnownFileType = sourcecode.swift; path = RepositoriesViewController.swift; sourceTree = "<group>"; };
		154389BB19B299B200C85148 /* RepositoriesViewController.xib */ = {isa = PBXFileReference; fileEncoding = 4; lastKnownFileType = file.xib; path = RepositoriesViewController.xib; sourceTree = "<group>"; };
		154389C019B29A4500C85148 /* PublicActivityViewController.swift */ = {isa = PBXFileReference; fileEncoding = 4; lastKnownFileType = sourcecode.swift; path = PublicActivityViewController.swift; sourceTree = "<group>"; };
		154389C119B29A4500C85148 /* PublicActivityViewController.xib */ = {isa = PBXFileReference; fileEncoding = 4; lastKnownFileType = file.xib; path = PublicActivityViewController.xib; sourceTree = "<group>"; };
		154389C619B2A73800C85148 /* AppMenuManagerTests.swift */ = {isa = PBXFileReference; fileEncoding = 4; lastKnownFileType = sourcecode.swift; path = AppMenuManagerTests.swift; sourceTree = "<group>"; };
		154389C819B2A75E00C85148 /* AppMenuManager.swift */ = {isa = PBXFileReference; fileEncoding = 4; lastKnownFileType = sourcecode.swift; path = AppMenuManager.swift; sourceTree = "<group>"; };
		154389CB19B2B55E00C85148 /* FakeMenuItemBuilder.swift */ = {isa = PBXFileReference; fileEncoding = 4; lastKnownFileType = sourcecode.swift; path = FakeMenuItemBuilder.swift; sourceTree = "<group>"; };
		154389CE19B2B63700C85148 /* MenuItemDefaultBuilder.swift */ = {isa = PBXFileReference; fileEncoding = 4; lastKnownFileType = sourcecode.swift; path = MenuItemDefaultBuilder.swift; sourceTree = "<group>"; };
		1562FF9519A1104D00CA6FBE /* MenuItemsPlistReaderTests.swift */ = {isa = PBXFileReference; fileEncoding = 4; lastKnownFileType = sourcecode.swift; path = MenuItemsPlistReaderTests.swift; sourceTree = "<group>"; };
		1562FF9919A126CE00CA6FBE /* MenuItemsPlistReader.swift */ = {isa = PBXFileReference; fileEncoding = 4; lastKnownFileType = sourcecode.swift; path = MenuItemsPlistReader.swift; sourceTree = "<group>"; };
		1562FF9C19A127CF00CA6FBE /* MenuItemsReader.swift */ = {isa = PBXFileReference; fileEncoding = 4; lastKnownFileType = sourcecode.swift; path = MenuItemsReader.swift; sourceTree = "<group>"; };
		1594C5BF19AC267A005EB820 /* MenuViewControllerTests.swift */ = {isa = PBXFileReference; fileEncoding = 4; lastKnownFileType = sourcecode.swift; path = MenuViewControllerTests.swift; sourceTree = "<group>"; };
		1594C5C119AC28EB005EB820 /* MenuViewController.swift */ = {isa = PBXFileReference; fileEncoding = 4; lastKnownFileType = sourcecode.swift; path = MenuViewController.swift; sourceTree = "<group>"; };
		1594C5C219AC28EB005EB820 /* MenuViewController.xib */ = {isa = PBXFileReference; fileEncoding = 4; lastKnownFileType = file.xib; path = MenuViewController.xib; sourceTree = "<group>"; };
		1594C5C719AC2C6F005EB820 /* MenuTableFakeDataSource.swift */ = {isa = PBXFileReference; fileEncoding = 4; lastKnownFileType = sourcecode.swift; path = MenuTableFakeDataSource.swift; sourceTree = "<group>"; };
		15A98ACE19A0315D007FB1EA /* AppMenu.app */ = {isa = PBXFileReference; explicitFileType = wrapper.application; includeInIndex = 0; path = AppMenu.app; sourceTree = BUILT_PRODUCTS_DIR; };
		15A98AD219A0315D007FB1EA /* Info.plist */ = {isa = PBXFileReference; lastKnownFileType = text.plist.xml; path = Info.plist; sourceTree = "<group>"; };
		15A98AE019A0315D007FB1EA /* AppMenuTests.xctest */ = {isa = PBXFileReference; explicitFileType = wrapper.cfbundle; includeInIndex = 0; path = AppMenuTests.xctest; sourceTree = BUILT_PRODUCTS_DIR; };
		15A98AE519A0315D007FB1EA /* Info.plist */ = {isa = PBXFileReference; lastKnownFileType = text.plist.xml; path = Info.plist; sourceTree = "<group>"; };
		15A98AF219A03986007FB1EA /* AppDelegate.swift */ = {isa = PBXFileReference; fileEncoding = 4; lastKnownFileType = sourcecode.swift; path = AppDelegate.swift; sourceTree = "<group>"; };
		15A98AF319A03986007FB1EA /* Images.xcassets */ = {isa = PBXFileReference; lastKnownFileType = folder.assetcatalog; path = Images.xcassets; sourceTree = "<group>"; };
		15C1ABC019B54E0F00DE4F9F /* AppDelegateTests.swift */ = {isa = PBXFileReference; fileEncoding = 4; lastKnownFileType = sourcecode.swift; path = AppDelegateTests.swift; sourceTree = "<group>"; };
		15C1ABC219B54E2200DE4F9F /* ObjectConfiguratorTests.swift */ = {isa = PBXFileReference; fileEncoding = 4; lastKnownFileType = sourcecode.swift; path = ObjectConfiguratorTests.swift; sourceTree = "<group>"; };
		15C1ABC419B54EBD00DE4F9F /* ObjectConfigurator.swift */ = {isa = PBXFileReference; fileEncoding = 4; lastKnownFileType = sourcecode.swift; path = ObjectConfigurator.swift; sourceTree = "<group>"; };
		15C1ABC719B5766B00DE4F9F /* MenuItemTapHandlerBuilder.swift */ = {isa = PBXFileReference; fileEncoding = 4; lastKnownFileType = sourcecode.swift; path = MenuItemTapHandlerBuilder.swift; sourceTree = "<group>"; };
		15C1ABCC19B57AF500DE4F9F /* MenuItemTapHandlerBuilderTests.swift */ = {isa = PBXFileReference; fileEncoding = 4; lastKnownFileType = sourcecode.swift; path = MenuItemTapHandlerBuilderTests.swift; sourceTree = "<group>"; };
		15C20E6819B66BC500C491D2 /* invalidMenuItems.plist */ = {isa = PBXFileReference; fileEncoding = 4; lastKnownFileType = text.plist.xml; path = invalidMenuItems.plist; sourceTree = "<group>"; };
		15E736F819A97948005AFD72 /* MenuItemTests.swift */ = {isa = PBXFileReference; fileEncoding = 4; lastKnownFileType = sourcecode.swift; path = MenuItemTests.swift; sourceTree = "<group>"; };
		15E736FA19A98B29005AFD72 /* MenuItem.swift */ = {isa = PBXFileReference; fileEncoding = 4; lastKnownFileType = sourcecode.swift; path = MenuItem.swift; sourceTree = "<group>"; };
		15E736FF19AA3CB0005AFD72 /* MenuItemDefaultBuilderTests.swift */ = {isa = PBXFileReference; fileEncoding = 4; lastKnownFileType = sourcecode.swift; path = MenuItemDefaultBuilderTests.swift; sourceTree = "<group>"; };
		15E7370119AA46AF005AFD72 /* FakeMenuItemsReader.swift */ = {isa = PBXFileReference; fileEncoding = 4; lastKnownFileType = sourcecode.swift; path = FakeMenuItemsReader.swift; sourceTree = "<group>"; };
		15E7370319AA4E90005AFD72 /* MenuItemBuilder.swift */ = {isa = PBXFileReference; fileEncoding = 4; lastKnownFileType = sourcecode.swift; path = MenuItemBuilder.swift; sourceTree = "<group>"; };
		15E7370619AA8A73005AFD72 /* MenuTableDataSource.swift */ = {isa = PBXFileReference; fileEncoding = 4; lastKnownFileType = sourcecode.swift; path = MenuTableDataSource.swift; sourceTree = "<group>"; };
		15E7370919AA8BB6005AFD72 /* MenuTableDefaultDataSourceTests.swift */ = {isa = PBXFileReference; fileEncoding = 4; lastKnownFileType = sourcecode.swift; path = MenuTableDefaultDataSourceTests.swift; sourceTree = "<group>"; };
		15E7370B19AA8DE5005AFD72 /* MenuTableDefaultDataSource.swift */ = {isa = PBXFileReference; fileEncoding = 4; lastKnownFileType = sourcecode.swift; path = MenuTableDefaultDataSource.swift; sourceTree = "<group>"; };
/* End PBXFileReference section */

/* Begin PBXFrameworksBuildPhase section */
		15A98ACB19A0315D007FB1EA /* Frameworks */ = {
			isa = PBXFrameworksBuildPhase;
			buildActionMask = 2147483647;
			files = (
			);
			runOnlyForDeploymentPostprocessing = 0;
		};
		15A98ADD19A0315D007FB1EA /* Frameworks */ = {
			isa = PBXFrameworksBuildPhase;
			buildActionMask = 2147483647;
			files = (
			);
			runOnlyForDeploymentPostprocessing = 0;
		};
/* End PBXFrameworksBuildPhase section */

/* Begin PBXGroup section */
		154389B419B2479D00C85148 /* TapHandlers */ = {
			isa = PBXGroup;
			children = (
				154389B519B247AF00C85148 /* ContributionsViewController.swift */,
				154389B619B247AF00C85148 /* ContributionsViewController.xib */,
				154389BA19B299B200C85148 /* RepositoriesViewController.swift */,
				154389BB19B299B200C85148 /* RepositoriesViewController.xib */,
				154389C019B29A4500C85148 /* PublicActivityViewController.swift */,
				154389C119B29A4500C85148 /* PublicActivityViewController.xib */,
			);
			path = TapHandlers;
			sourceTree = "<group>";
		};
		1562FF8F19A1103300CA6FBE /* MainNavigation */ = {
			isa = PBXGroup;
			children = (
				154389C819B2A75E00C85148 /* AppMenuManager.swift */,
				1562FF9C19A127CF00CA6FBE /* MenuItemsReader.swift */,
				1562FF9919A126CE00CA6FBE /* MenuItemsPlistReader.swift */,
				15E736FA19A98B29005AFD72 /* MenuItem.swift */,
				15E7370319AA4E90005AFD72 /* MenuItemBuilder.swift */,
				154389CE19B2B63700C85148 /* MenuItemDefaultBuilder.swift */,
				15E7370619AA8A73005AFD72 /* MenuTableDataSource.swift */,
				15E7370B19AA8DE5005AFD72 /* MenuTableDefaultDataSource.swift */,
				1594C5C119AC28EB005EB820 /* MenuViewController.swift */,
				1594C5C219AC28EB005EB820 /* MenuViewController.xib */,
				15C1ABC719B5766B00DE4F9F /* MenuItemTapHandlerBuilder.swift */,
				154389B119B2383000C85148 /* menuItems.plist */,
				154389B419B2479D00C85148 /* TapHandlers */,
			);
			path = MainNavigation;
			sourceTree = "<group>";
		};
		1562FF9419A1104D00CA6FBE /* MainNavigation */ = {
			isa = PBXGroup;
			children = (
				1562FF9519A1104D00CA6FBE /* MenuItemsPlistReaderTests.swift */,
				15E736F819A97948005AFD72 /* MenuItemTests.swift */,
				15E736FF19AA3CB0005AFD72 /* MenuItemDefaultBuilderTests.swift */,
				15E7370119AA46AF005AFD72 /* FakeMenuItemsReader.swift */,
				154389CB19B2B55E00C85148 /* FakeMenuItemBuilder.swift */,
				15E7370919AA8BB6005AFD72 /* MenuTableDefaultDataSourceTests.swift */,
				1594C5BF19AC267A005EB820 /* MenuViewControllerTests.swift */,
				1594C5C719AC2C6F005EB820 /* MenuTableFakeDataSource.swift */,
				154389C619B2A73800C85148 /* AppMenuManagerTests.swift */,
				15C1ABCC19B57AF500DE4F9F /* MenuItemTapHandlerBuilderTests.swift */,
				15C20E6819B66BC500C491D2 /* invalidMenuItems.plist */,
			);
			path = MainNavigation;
			sourceTree = "<group>";
		};
		15A98AC519A0315D007FB1EA = {
			isa = PBXGroup;
			children = (
				15A98AD019A0315D007FB1EA /* AppMenu */,
				15A98AE319A0315D007FB1EA /* AppMenuTests */,
				15A98ACF19A0315D007FB1EA /* Products */,
			);
			sourceTree = "<group>";
		};
		15A98ACF19A0315D007FB1EA /* Products */ = {
			isa = PBXGroup;
			children = (
				15A98ACE19A0315D007FB1EA /* AppMenu.app */,
				15A98AE019A0315D007FB1EA /* AppMenuTests.xctest */,
			);
			name = Products;
			sourceTree = "<group>";
		};
		15A98AD019A0315D007FB1EA /* AppMenu */ = {
			isa = PBXGroup;
			children = (
				15A98AF119A03986007FB1EA /* Common */,
				1562FF8F19A1103300CA6FBE /* MainNavigation */,
				15A98AD119A0315D007FB1EA /* Supporting Files */,
			);
			path = AppMenu;
			sourceTree = "<group>";
		};
		15A98AD119A0315D007FB1EA /* Supporting Files */ = {
			isa = PBXGroup;
			children = (
				15A98AD219A0315D007FB1EA /* Info.plist */,
			);
			name = "Supporting Files";
			sourceTree = "<group>";
		};
		15A98AE319A0315D007FB1EA /* AppMenuTests */ = {
			isa = PBXGroup;
			children = (
				15C1ABBF19B54E0F00DE4F9F /* Common */,
				1562FF9419A1104D00CA6FBE /* MainNavigation */,
				15A98AE419A0315D007FB1EA /* Supporting Files */,
			);
			path = AppMenuTests;
			sourceTree = "<group>";
		};
		15A98AE419A0315D007FB1EA /* Supporting Files */ = {
			isa = PBXGroup;
			children = (
				15A98AE519A0315D007FB1EA /* Info.plist */,
			);
			name = "Supporting Files";
			sourceTree = "<group>";
		};
		15A98AF119A03986007FB1EA /* Common */ = {
			isa = PBXGroup;
			children = (
				15A98AF219A03986007FB1EA /* AppDelegate.swift */,
				15C1ABC419B54EBD00DE4F9F /* ObjectConfigurator.swift */,
				15A98AF319A03986007FB1EA /* Images.xcassets */,
			);
			path = Common;
			sourceTree = "<group>";
		};
		15C1ABBF19B54E0F00DE4F9F /* Common */ = {
			isa = PBXGroup;
			children = (
				15C1ABC019B54E0F00DE4F9F /* AppDelegateTests.swift */,
				15C1ABC219B54E2200DE4F9F /* ObjectConfiguratorTests.swift */,
			);
			path = Common;
			sourceTree = "<group>";
		};
/* End PBXGroup section */

/* Begin PBXNativeTarget section */
		15A98ACD19A0315D007FB1EA /* AppMenu */ = {
			isa = PBXNativeTarget;
			buildConfigurationList = 15A98AEA19A0315D007FB1EA /* Build configuration list for PBXNativeTarget "AppMenu" */;
			buildPhases = (
				15A98ACA19A0315D007FB1EA /* Sources */,
				15A98ACB19A0315D007FB1EA /* Frameworks */,
				15A98ACC19A0315D007FB1EA /* Resources */,
			);
			buildRules = (
			);
			dependencies = (
			);
			name = AppMenu;
			productName = AppMenu;
			productReference = 15A98ACE19A0315D007FB1EA /* AppMenu.app */;
			productType = "com.apple.product-type.application";
		};
		15A98ADF19A0315D007FB1EA /* AppMenuTests */ = {
			isa = PBXNativeTarget;
			buildConfigurationList = 15A98AED19A0315D007FB1EA /* Build configuration list for PBXNativeTarget "AppMenuTests" */;
			buildPhases = (
				15A98ADC19A0315D007FB1EA /* Sources */,
				15A98ADD19A0315D007FB1EA /* Frameworks */,
				15A98ADE19A0315D007FB1EA /* Resources */,
			);
			buildRules = (
			);
			dependencies = (
				15A98AE219A0315D007FB1EA /* PBXTargetDependency */,
			);
			name = AppMenuTests;
			productName = AppMenuTests;
			productReference = 15A98AE019A0315D007FB1EA /* AppMenuTests.xctest */;
			productType = "com.apple.product-type.bundle.unit-test";
		};
/* End PBXNativeTarget section */

/* Begin PBXProject section */
		15A98AC619A0315D007FB1EA /* Project object */ = {
			isa = PBXProject;
			attributes = {
				LastUpgradeCheck = 0600;
				ORGANIZATIONNAME = "Pawan Poudel";
				TargetAttributes = {
					15A98ACD19A0315D007FB1EA = {
						CreatedOnToolsVersion = 6.0;
					};
					15A98ADF19A0315D007FB1EA = {
						CreatedOnToolsVersion = 6.0;
						TestTargetID = 15A98ACD19A0315D007FB1EA;
					};
				};
			};
			buildConfigurationList = 15A98AC919A0315D007FB1EA /* Build configuration list for PBXProject "AppMenu" */;
			compatibilityVersion = "Xcode 3.2";
			developmentRegion = English;
			hasScannedForEncodings = 0;
			knownRegions = (
				en,
				Base,
			);
			mainGroup = 15A98AC519A0315D007FB1EA;
			productRefGroup = 15A98ACF19A0315D007FB1EA /* Products */;
			projectDirPath = "";
			projectRoot = "";
			targets = (
				15A98ACD19A0315D007FB1EA /* AppMenu */,
				15A98ADF19A0315D007FB1EA /* AppMenuTests */,
			);
		};
/* End PBXProject section */

/* Begin PBXResourcesBuildPhase section */
		15A98ACC19A0315D007FB1EA /* Resources */ = {
			isa = PBXResourcesBuildPhase;
			buildActionMask = 2147483647;
			files = (
				15A98AF619A03986007FB1EA /* Images.xcassets in Resources */,
				1594C5C519AC28EB005EB820 /* MenuViewController.xib in Resources */,
				154389BE19B299B200C85148 /* RepositoriesViewController.xib in Resources */,
				154389B819B247AF00C85148 /* ContributionsViewController.xib in Resources */,
				154389C419B29A4500C85148 /* PublicActivityViewController.xib in Resources */,
				154389B219B2383000C85148 /* menuItems.plist in Resources */,
			);
			runOnlyForDeploymentPostprocessing = 0;
		};
		15A98ADE19A0315D007FB1EA /* Resources */ = {
			isa = PBXResourcesBuildPhase;
			buildActionMask = 2147483647;
			files = (
				154389C519B29A4500C85148 /* PublicActivityViewController.xib in Resources */,
				15C20E6919B66BC500C491D2 /* invalidMenuItems.plist in Resources */,
				154389B319B2391000C85148 /* menuItems.plist in Resources */,
				1594C5C619AC28EB005EB820 /* MenuViewController.xib in Resources */,
				154389BF19B299B200C85148 /* RepositoriesViewController.xib in Resources */,
			);
			runOnlyForDeploymentPostprocessing = 0;
		};
/* End PBXResourcesBuildPhase section */

/* Begin PBXSourcesBuildPhase section */
		15A98ACA19A0315D007FB1EA /* Sources */ = {
			isa = PBXSourcesBuildPhase;
			buildActionMask = 2147483647;
			files = (
				154389BC19B299B200C85148 /* RepositoriesViewController.swift in Sources */,
				154389C919B2A75E00C85148 /* AppMenuManager.swift in Sources */,
				154389B719B247AF00C85148 /* ContributionsViewController.swift in Sources */,
				15E7370C19AA8DE5005AFD72 /* MenuTableDefaultDataSource.swift in Sources */,
				154389CF19B2B63700C85148 /* MenuItemDefaultBuilder.swift in Sources */,
				154389CC19B2B55E00C85148 /* FakeMenuItemBuilder.swift in Sources */,
				154389C219B29A4500C85148 /* PublicActivityViewController.swift in Sources */,
				15C1ABC819B5766B00DE4F9F /* MenuItemTapHandlerBuilder.swift in Sources */,
				15E7370419AA4E90005AFD72 /* MenuItemBuilder.swift in Sources */,
				15A98AF519A03986007FB1EA /* AppDelegate.swift in Sources */,
				1594C5C319AC28EB005EB820 /* MenuViewController.swift in Sources */,
				1562FF9D19A127CF00CA6FBE /* MenuItemsReader.swift in Sources */,
				15E7370719AA8A73005AFD72 /* MenuTableDataSource.swift in Sources */,
				15C1ABC519B54EBD00DE4F9F /* ObjectConfigurator.swift in Sources */,
				1562FF9A19A126CE00CA6FBE /* MenuItemsPlistReader.swift in Sources */,
				15E736FB19A98B29005AFD72 /* MenuItem.swift in Sources */,
			);
			runOnlyForDeploymentPostprocessing = 0;
		};
		15A98ADC19A0315D007FB1EA /* Sources */ = {
			isa = PBXSourcesBuildPhase;
			buildActionMask = 2147483647;
			files = (
				157E24B319B53DED00DEBE7A /* AppDelegate.swift in Sources */,
				154389C719B2A73800C85148 /* AppMenuManagerTests.swift in Sources */,
				154389B919B298F900C85148 /* ContributionsViewController.swift in Sources */,
				15E7370A19AA8BB6005AFD72 /* MenuTableDefaultDataSourceTests.swift in Sources */,
				15C1ABC619B54EBD00DE4F9F /* ObjectConfigurator.swift in Sources */,
				15E7370519AA5214005AFD72 /* MenuItemBuilder.swift in Sources */,
				15C1ABC319B54E2200DE4F9F /* ObjectConfiguratorTests.swift in Sources */,
				154389C319B29A4500C85148 /* PublicActivityViewController.swift in Sources */,
				15E736FC19A98DF2005AFD72 /* MenuItem.swift in Sources */,
				154389BD19B299B200C85148 /* RepositoriesViewController.swift in Sources */,
				1594C5C019AC267A005EB820 /* MenuViewControllerTests.swift in Sources */,
				15E736F919A97948005AFD72 /* MenuItemTests.swift in Sources */,
				158713A619A244A900379918 /* MenuItemsReader.swift in Sources */,
				154389D019B2B63700C85148 /* MenuItemDefaultBuilder.swift in Sources */,
				15C1ABC919B5766B00DE4F9F /* MenuItemTapHandlerBuilder.swift in Sources */,
				154389CD19B2B55E00C85148 /* FakeMenuItemBuilder.swift in Sources */,
				15E7370019AA3CB0005AFD72 /* MenuItemDefaultBuilderTests.swift in Sources */,
				1594C5C819AC2C6F005EB820 /* MenuTableFakeDataSource.swift in Sources */,
				1594C5C419AC28EB005EB820 /* MenuViewController.swift in Sources */,
				158713A719A244A900379918 /* MenuItemsPlistReader.swift in Sources */,
				15E7370819AA8A73005AFD72 /* MenuTableDataSource.swift in Sources */,
				15E7370D19AA8DE5005AFD72 /* MenuTableDefaultDataSource.swift in Sources */,
				154389CA19B2A75E00C85148 /* AppMenuManager.swift in Sources */,
				15C1ABCD19B57AF500DE4F9F /* MenuItemTapHandlerBuilderTests.swift in Sources */,
				15E7370219AA46AF005AFD72 /* FakeMenuItemsReader.swift in Sources */,
				1562FF9619A1104D00CA6FBE /* MenuItemsPlistReaderTests.swift in Sources */,
				15C1ABC119B54E0F00DE4F9F /* AppDelegateTests.swift in Sources */,
			);
			runOnlyForDeploymentPostprocessing = 0;
		};
/* End PBXSourcesBuildPhase section */

/* Begin PBXTargetDependency section */
		15A98AE219A0315D007FB1EA /* PBXTargetDependency */ = {
			isa = PBXTargetDependency;
			target = 15A98ACD19A0315D007FB1EA /* AppMenu */;
			targetProxy = 15A98AE119A0315D007FB1EA /* PBXContainerItemProxy */;
		};
/* End PBXTargetDependency section */

/* Begin XCBuildConfiguration section */
		15A98AE819A0315D007FB1EA /* Debug */ = {
			isa = XCBuildConfiguration;
			buildSettings = {
				ALWAYS_SEARCH_USER_PATHS = NO;
				CLANG_CXX_LANGUAGE_STANDARD = "gnu++0x";
				CLANG_CXX_LIBRARY = "libc++";
				CLANG_ENABLE_MODULES = YES;
				CLANG_ENABLE_OBJC_ARC = YES;
				CLANG_WARN_BOOL_CONVERSION = YES;
				CLANG_WARN_CONSTANT_CONVERSION = YES;
				CLANG_WARN_DIRECT_OBJC_ISA_USAGE = YES_ERROR;
				CLANG_WARN_EMPTY_BODY = YES;
				CLANG_WARN_ENUM_CONVERSION = YES;
				CLANG_WARN_INT_CONVERSION = YES;
				CLANG_WARN_OBJC_ROOT_CLASS = YES_ERROR;
				CLANG_WARN_UNREACHABLE_CODE = YES;
				CLANG_WARN__DUPLICATE_METHOD_MATCH = YES;
				"CODE_SIGN_IDENTITY[sdk=iphoneos*]" = "iPhone Developer";
				COPY_PHASE_STRIP = NO;
				ENABLE_STRICT_OBJC_MSGSEND = YES;
				GCC_C_LANGUAGE_STANDARD = gnu99;
				GCC_DYNAMIC_NO_PIC = NO;
				GCC_OPTIMIZATION_LEVEL = 0;
				GCC_PREPROCESSOR_DEFINITIONS = (
					"DEBUG=1",
					"$(inherited)",
				);
				GCC_SYMBOLS_PRIVATE_EXTERN = NO;
				GCC_WARN_64_TO_32_BIT_CONVERSION = YES;
				GCC_WARN_ABOUT_RETURN_TYPE = YES_ERROR;
				GCC_WARN_UNDECLARED_SELECTOR = YES;
				GCC_WARN_UNINITIALIZED_AUTOS = YES_AGGRESSIVE;
				GCC_WARN_UNUSED_FUNCTION = YES;
				GCC_WARN_UNUSED_VARIABLE = YES;
				IPHONEOS_DEPLOYMENT_TARGET = 8.0;
				MTL_ENABLE_DEBUG_INFO = YES;
				ONLY_ACTIVE_ARCH = YES;
				SDKROOT = iphoneos;
				SWIFT_OPTIMIZATION_LEVEL = "-Onone";
			};
			name = Debug;
		};
		15A98AE919A0315D007FB1EA /* Release */ = {
			isa = XCBuildConfiguration;
			buildSettings = {
				ALWAYS_SEARCH_USER_PATHS = NO;
				CLANG_CXX_LANGUAGE_STANDARD = "gnu++0x";
				CLANG_CXX_LIBRARY = "libc++";
				CLANG_ENABLE_MODULES = YES;
				CLANG_ENABLE_OBJC_ARC = YES;
				CLANG_WARN_BOOL_CONVERSION = YES;
				CLANG_WARN_CONSTANT_CONVERSION = YES;
				CLANG_WARN_DIRECT_OBJC_ISA_USAGE = YES_ERROR;
				CLANG_WARN_EMPTY_BODY = YES;
				CLANG_WARN_ENUM_CONVERSION = YES;
				CLANG_WARN_INT_CONVERSION = YES;
				CLANG_WARN_OBJC_ROOT_CLASS = YES_ERROR;
				CLANG_WARN_UNREACHABLE_CODE = YES;
				CLANG_WARN__DUPLICATE_METHOD_MATCH = YES;
				"CODE_SIGN_IDENTITY[sdk=iphoneos*]" = "iPhone Developer";
				COPY_PHASE_STRIP = YES;
				ENABLE_NS_ASSERTIONS = NO;
				ENABLE_STRICT_OBJC_MSGSEND = YES;
				GCC_C_LANGUAGE_STANDARD = gnu99;
				GCC_WARN_64_TO_32_BIT_CONVERSION = YES;
				GCC_WARN_ABOUT_RETURN_TYPE = YES_ERROR;
				GCC_WARN_UNDECLARED_SELECTOR = YES;
				GCC_WARN_UNINITIALIZED_AUTOS = YES_AGGRESSIVE;
				GCC_WARN_UNUSED_FUNCTION = YES;
				GCC_WARN_UNUSED_VARIABLE = YES;
				IPHONEOS_DEPLOYMENT_TARGET = 8.0;
				MTL_ENABLE_DEBUG_INFO = NO;
				SDKROOT = iphoneos;
				VALIDATE_PRODUCT = YES;
			};
			name = Release;
		};
		15A98AEB19A0315D007FB1EA /* Debug */ = {
			isa = XCBuildConfiguration;
			buildSettings = {
				ASSETCATALOG_COMPILER_APPICON_NAME = AppIcon;
				ASSETCATALOG_COMPILER_LAUNCHIMAGE_NAME = LaunchImage;
				INFOPLIST_FILE = AppMenu/Info.plist;
				IPHONEOS_DEPLOYMENT_TARGET = 7.1;
				LD_RUNPATH_SEARCH_PATHS = "$(inherited) @executable_path/Frameworks";
				PRODUCT_NAME = "$(TARGET_NAME)";
			};
			name = Debug;
		};
		15A98AEC19A0315D007FB1EA /* Release */ = {
			isa = XCBuildConfiguration;
			buildSettings = {
				ASSETCATALOG_COMPILER_APPICON_NAME = AppIcon;
				ASSETCATALOG_COMPILER_LAUNCHIMAGE_NAME = LaunchImage;
				INFOPLIST_FILE = AppMenu/Info.plist;
				IPHONEOS_DEPLOYMENT_TARGET = 7.1;
				LD_RUNPATH_SEARCH_PATHS = "$(inherited) @executable_path/Frameworks";
				PRODUCT_NAME = "$(TARGET_NAME)";
			};
			name = Release;
		};
		15A98AEE19A0315D007FB1EA /* Debug */ = {
			isa = XCBuildConfiguration;
			buildSettings = {
				BUNDLE_LOADER = "$(TEST_HOST)";
				FRAMEWORK_SEARCH_PATHS = (
					"$(SDKROOT)/Developer/Library/Frameworks",
					"$(inherited)",
				);
				GCC_PREPROCESSOR_DEFINITIONS = (
					"DEBUG=1",
					"$(inherited)",
				);
				INFOPLIST_FILE = AppMenuTests/Info.plist;
				LD_RUNPATH_SEARCH_PATHS = "$(inherited) @executable_path/Frameworks @loader_path/Frameworks";
				PRODUCT_NAME = "$(TARGET_NAME)";
				TEST_HOST = "$(BUILT_PRODUCTS_DIR)/AppMenu.app/AppMenu";
			};
			name = Debug;
		};
		15A98AEF19A0315D007FB1EA /* Release */ = {
			isa = XCBuildConfiguration;
			buildSettings = {
				BUNDLE_LOADER = "$(TEST_HOST)";
				FRAMEWORK_SEARCH_PATHS = (
					"$(SDKROOT)/Developer/Library/Frameworks",
					"$(inherited)",
				);
				INFOPLIST_FILE = AppMenuTests/Info.plist;
				LD_RUNPATH_SEARCH_PATHS = "$(inherited) @executable_path/Frameworks @loader_path/Frameworks";
				PRODUCT_NAME = "$(TARGET_NAME)";
				TEST_HOST = "$(BUILT_PRODUCTS_DIR)/AppMenu.app/AppMenu";
			};
			name = Release;
		};
/* End XCBuildConfiguration section */

/* Begin XCConfigurationList section */
		15A98AC919A0315D007FB1EA /* Build configuration list for PBXProject "AppMenu" */ = {
			isa = XCConfigurationList;
			buildConfigurations = (
				15A98AE819A0315D007FB1EA /* Debug */,
				15A98AE919A0315D007FB1EA /* Release */,
			);
			defaultConfigurationIsVisible = 0;
			defaultConfigurationName = Release;
		};
		15A98AEA19A0315D007FB1EA /* Build configuration list for PBXNativeTarget "AppMenu" */ = {
			isa = XCConfigurationList;
			buildConfigurations = (
				15A98AEB19A0315D007FB1EA /* Debug */,
				15A98AEC19A0315D007FB1EA /* Release */,
			);
			defaultConfigurationIsVisible = 0;
			defaultConfigurationName = Release;
		};
		15A98AED19A0315D007FB1EA /* Build configuration list for PBXNativeTarget "AppMenuTests" */ = {
			isa = XCConfigurationList;
			buildConfigurations = (
				15A98AEE19A0315D007FB1EA /* Debug */,
				15A98AEF19A0315D007FB1EA /* Release */,
			);
			defaultConfigurationIsVisible = 0;
			defaultConfigurationName = Release;
		};
/* End XCConfigurationList section */
	};
	rootObject = 15A98AC619A0315D007FB1EA /* Project object */;
}
